
Microsoft Visual Studio Solution File, Format Version 12.00
# Visual Studio Version 17
VisualStudioVersion = 17.3.32922.545
MinimumVisualStudioVersion = 10.0.40219.1
Project("{9A19103F-16F7-4668-BE54-9A1E7A4F7556}") = "Nutrix-DIETAS-E-ACOMPANHAMENTO-CSHARP", "Nutrix-DIETAS-E-ACOMPANHAMENTO-CSHARP\Nutrix-DIETAS-E-ACOMPANHAMENTO-CSHARP.csproj", "{A53C5463-D79B-49A2-A114-9E6D14A2B68D}"
EndProject
Global
	GlobalSection(SolutionConfigurationPlatforms) = preSolution
		Debug|Any CPU = Debug|Any CPU
		Release|Any CPU = Release|Any CPU
	EndGlobalSection
	GlobalSection(ProjectConfigurationPlatforms) = postSolution
		{A53C5463-D79B-49A2-A114-9E6D14A2B68D}.Debug|Any CPU.ActiveCfg = Debug|Any CPU
		{A53C5463-D79B-49A2-A114-9E6D14A2B68D}.Debug|Any CPU.Build.0 = Debug|Any CPU
		{A53C5463-D79B-49A2-A114-9E6D14A2B68D}.Release|Any CPU.ActiveCfg = Release|Any CPU
		{A53C5463-D79B-49A2-A114-9E6D14A2B68D}.Release|Any CPU.Build.0 = Release|Any CPU
	EndGlobalSection
	GlobalSection(SolutionProperties) = preSolution
		HideSolutionNode = FALSE
	EndGlobalSection
	GlobalSection(ExtensibilityGlobals) = postSolution
		SolutionGuid = {91DE5C17-43D1-4E89-A794-6E9DBD4AE5FD}
	EndGlobalSection
EndGlobal
